// !$*UTF8*$!
{
	archiveVersion = 1;
	classes = {
	};
	objectVersion = 46;
	objects = {

/* Begin PBXBuildFile section */
		1041C3EEEF12674222D07901 /* libPods-FastTablaUITests.a in Frameworks */ = {isa = PBXBuildFile; fileRef = 88B68688F916144ABE8CF8C0 /* libPods-FastTablaUITests.a */; };
		2A05E5E51BB9A92000211A5A /* main.m in Sources */ = {isa = PBXBuildFile; fileRef = 2A05E5E41BB9A92000211A5A /* main.m */; };
		2A05E5E81BB9A92000211A5A /* AppDelegate.m in Sources */ = {isa = PBXBuildFile; fileRef = 2A05E5E71BB9A92000211A5A /* AppDelegate.m */; };
		2A05E5EB1BB9A92000211A5A /* FastTabla.xcdatamodeld in Sources */ = {isa = PBXBuildFile; fileRef = 2A05E5E91BB9A92000211A5A /* FastTabla.xcdatamodeld */; };
		2A05E5F11BB9A92000211A5A /* Main.storyboard in Resources */ = {isa = PBXBuildFile; fileRef = 2A05E5EF1BB9A92000211A5A /* Main.storyboard */; };
		2A05E5F31BB9A92000211A5A /* Images.xcassets in Resources */ = {isa = PBXBuildFile; fileRef = 2A05E5F21BB9A92000211A5A /* Images.xcassets */; };
		2A05E5F61BB9A92000211A5A /* LaunchScreen.xib in Resources */ = {isa = PBXBuildFile; fileRef = 2A05E5F41BB9A92000211A5A /* LaunchScreen.xib */; };
		2A05E6111BB9AA5700211A5A /* TareasTVC.m in Sources */ = {isa = PBXBuildFile; fileRef = 2A05E6101BB9AA5700211A5A /* TareasTVC.m */; };
		2A05E6141BB9AF6700211A5A /* AgregarVC.m in Sources */ = {isa = PBXBuildFile; fileRef = 2A05E6131BB9AF6700211A5A /* AgregarVC.m */; };
		2A05E6171BB9B28F00211A5A /* EditarVC.m in Sources */ = {isa = PBXBuildFile; fileRef = 2A05E6161BB9B28F00211A5A /* EditarVC.m */; };
		2A1AAF8B1BC43CB400C2EE10 /* FastTablaUITests.m in Sources */ = {isa = PBXBuildFile; fileRef = 2A1AAF8A1BC43CB400C2EE10 /* FastTablaUITests.m */; };
		2A2D30701BBB2A0B00FAD041 /* Tarea+Modelo.m in Sources */ = {isa = PBXBuildFile; fileRef = 2A2D306F1BBB2A0B00FAD041 /* Tarea+Modelo.m */; };
		2A556B571BBC748E00C4C1ED /* LongFromVC.m in Sources */ = {isa = PBXBuildFile; fileRef = 2A556B561BBC748E00C4C1ED /* LongFromVC.m */; };
		2A556B771BBD8E1800C4C1ED /* MiNSEntityMigrationPolicy.m in Sources */ = {isa = PBXBuildFile; fileRef = 2A556B761BBD8E1800C4C1ED /* MiNSEntityMigrationPolicy.m */; };
		2A556B8B1BBDAB0600C4C1ED /* Tarea.m in Sources */ = {isa = PBXBuildFile; fileRef = 2A556B8A1BBDAB0600C4C1ED /* Tarea.m */; };
		2A556B941BBDAF9C00C4C1ED /* Model.xcmappingmodel in Sources */ = {isa = PBXBuildFile; fileRef = 2A556B931BBDAF9C00C4C1ED /* Model.xcmappingmodel */; };
		2A83D8C01BC30B450096C701 /* AgregarVCTest.m in Sources */ = {isa = PBXBuildFile; fileRef = 2A83D8BF1BC30B450096C701 /* AgregarVCTest.m */; };
		2ABEA1611BC5AA6D00575051 /* RESTHttpClient.m in Sources */ = {isa = PBXBuildFile; fileRef = 2ABEA1601BC5AA6D00575051 /* RESTHttpClient.m */; settings = {ASSET_TAGS = (); }; };
		2ABEA1661BC6AF3700575051 /* BaseVC.m in Sources */ = {isa = PBXBuildFile; fileRef = 2ABEA1651BC6AF3700575051 /* BaseVC.m */; settings = {ASSET_TAGS = (); }; };
		50BA289B7E4AF2B07248F2DA /* libPods-FastTablaTests.a in Frameworks */ = {isa = PBXBuildFile; fileRef = 9851C24FB1C3605BCA1559BF /* libPods-FastTablaTests.a */; };
		F1E0FC8D37A98F912A3E4963 /* libPods-FastTabla.a in Frameworks */ = {isa = PBXBuildFile; fileRef = A315A225202BF4A3CAF41982 /* libPods-FastTabla.a */; };
/* End PBXBuildFile section */

/* Begin PBXContainerItemProxy section */
		2A05E5FC1BB9A92000211A5A /* PBXContainerItemProxy */ = {
			isa = PBXContainerItemProxy;
			containerPortal = 2A05E5D71BB9A91F00211A5A /* Project object */;
			proxyType = 1;
			remoteGlobalIDString = 2A05E5DE1BB9A91F00211A5A;
			remoteInfo = FastTabla;
		};
		2A1AAF8D1BC43CB400C2EE10 /* PBXContainerItemProxy */ = {
			isa = PBXContainerItemProxy;
			containerPortal = 2A05E5D71BB9A91F00211A5A /* Project object */;
			proxyType = 1;
			remoteGlobalIDString = 2A05E5DE1BB9A91F00211A5A;
			remoteInfo = FastTabla;
		};
/* End PBXContainerItemProxy section */

/* Begin PBXFileReference section */
		17E2CF7F665065760A875D93 /* Pods-FastTablaTests2.release.xcconfig */ = {isa = PBXFileReference; includeInIndex = 1; lastKnownFileType = text.xcconfig; name = "Pods-FastTablaTests2.release.xcconfig"; path = "Pods/Target Support Files/Pods-FastTablaTests2/Pods-FastTablaTests2.release.xcconfig"; sourceTree = "<group>"; };
		28DDCE81565BE07DC7058399 /* Pods-FastTablaTests2.debug.xcconfig */ = {isa = PBXFileReference; includeInIndex = 1; lastKnownFileType = text.xcconfig; name = "Pods-FastTablaTests2.debug.xcconfig"; path = "Pods/Target Support Files/Pods-FastTablaTests2/Pods-FastTablaTests2.debug.xcconfig"; sourceTree = "<group>"; };
		2A05E5DF1BB9A91F00211A5A /* FastTabla.app */ = {isa = PBXFileReference; explicitFileType = wrapper.application; includeInIndex = 0; path = FastTabla.app; sourceTree = BUILT_PRODUCTS_DIR; };
		2A05E5E31BB9A92000211A5A /* Info.plist */ = {isa = PBXFileReference; lastKnownFileType = text.plist.xml; path = Info.plist; sourceTree = "<group>"; };
		2A05E5E41BB9A92000211A5A /* main.m */ = {isa = PBXFileReference; lastKnownFileType = sourcecode.c.objc; path = main.m; sourceTree = "<group>"; };
		2A05E5E61BB9A92000211A5A /* AppDelegate.h */ = {isa = PBXFileReference; lastKnownFileType = sourcecode.c.h; path = AppDelegate.h; sourceTree = "<group>"; };
		2A05E5E71BB9A92000211A5A /* AppDelegate.m */ = {isa = PBXFileReference; lastKnownFileType = sourcecode.c.objc; path = AppDelegate.m; sourceTree = "<group>"; };
		2A05E5EA1BB9A92000211A5A /* FastTabla.xcdatamodel */ = {isa = PBXFileReference; lastKnownFileType = wrapper.xcdatamodel; path = FastTabla.xcdatamodel; sourceTree = "<group>"; };
		2A05E5F01BB9A92000211A5A /* Base */ = {isa = PBXFileReference; lastKnownFileType = file.storyboard; name = Base; path = Base.lproj/Main.storyboard; sourceTree = "<group>"; };
		2A05E5F21BB9A92000211A5A /* Images.xcassets */ = {isa = PBXFileReference; lastKnownFileType = folder.assetcatalog; path = Images.xcassets; sourceTree = "<group>"; };
		2A05E5F51BB9A92000211A5A /* Base */ = {isa = PBXFileReference; lastKnownFileType = file.xib; name = Base; path = Base.lproj/LaunchScreen.xib; sourceTree = "<group>"; };
		2A05E5FB1BB9A92000211A5A /* FastTablaTests.xctest */ = {isa = PBXFileReference; explicitFileType = wrapper.cfbundle; includeInIndex = 0; path = FastTablaTests.xctest; sourceTree = BUILT_PRODUCTS_DIR; };
		2A05E6001BB9A92000211A5A /* Info.plist */ = {isa = PBXFileReference; lastKnownFileType = text.plist.xml; path = Info.plist; sourceTree = "<group>"; };
		2A05E60F1BB9AA5700211A5A /* TareasTVC.h */ = {isa = PBXFileReference; fileEncoding = 4; lastKnownFileType = sourcecode.c.h; path = TareasTVC.h; sourceTree = "<group>"; };
		2A05E6101BB9AA5700211A5A /* TareasTVC.m */ = {isa = PBXFileReference; fileEncoding = 4; lastKnownFileType = sourcecode.c.objc; path = TareasTVC.m; sourceTree = "<group>"; };
		2A05E6121BB9AF6700211A5A /* AgregarVC.h */ = {isa = PBXFileReference; fileEncoding = 4; lastKnownFileType = sourcecode.c.h; path = AgregarVC.h; sourceTree = "<group>"; };
		2A05E6131BB9AF6700211A5A /* AgregarVC.m */ = {isa = PBXFileReference; fileEncoding = 4; lastKnownFileType = sourcecode.c.objc; path = AgregarVC.m; sourceTree = "<group>"; };
		2A05E6151BB9B28F00211A5A /* EditarVC.h */ = {isa = PBXFileReference; fileEncoding = 4; lastKnownFileType = sourcecode.c.h; path = EditarVC.h; sourceTree = "<group>"; };
		2A05E6161BB9B28F00211A5A /* EditarVC.m */ = {isa = PBXFileReference; fileEncoding = 4; lastKnownFileType = sourcecode.c.objc; path = EditarVC.m; sourceTree = "<group>"; };
		2A1AAF881BC43CB400C2EE10 /* FastTablaUITests.xctest */ = {isa = PBXFileReference; explicitFileType = wrapper.cfbundle; includeInIndex = 0; path = FastTablaUITests.xctest; sourceTree = BUILT_PRODUCTS_DIR; };
		2A1AAF8A1BC43CB400C2EE10 /* FastTablaUITests.m */ = {isa = PBXFileReference; lastKnownFileType = sourcecode.c.objc; path = FastTablaUITests.m; sourceTree = "<group>"; };
		2A1AAF8C1BC43CB400C2EE10 /* Info.plist */ = {isa = PBXFileReference; lastKnownFileType = text.plist.xml; path = Info.plist; sourceTree = "<group>"; };
		2A2D306E1BBB2A0B00FAD041 /* Tarea+Modelo.h */ = {isa = PBXFileReference; fileEncoding = 4; lastKnownFileType = sourcecode.c.h; path = "Tarea+Modelo.h"; sourceTree = "<group>"; };
		2A2D306F1BBB2A0B00FAD041 /* Tarea+Modelo.m */ = {isa = PBXFileReference; fileEncoding = 4; lastKnownFileType = sourcecode.c.objc; path = "Tarea+Modelo.m"; sourceTree = "<group>"; };
		2A556B551BBC748E00C4C1ED /* LongFromVC.h */ = {isa = PBXFileReference; fileEncoding = 4; lastKnownFileType = sourcecode.c.h; name = LongFromVC.h; path = ../LongFromVC.h; sourceTree = "<group>"; };
		2A556B561BBC748E00C4C1ED /* LongFromVC.m */ = {isa = PBXFileReference; fileEncoding = 4; lastKnownFileType = sourcecode.c.objc; name = LongFromVC.m; path = ../LongFromVC.m; sourceTree = "<group>"; };
		2A556B581BBD686400C4C1ED /* FastTabla 2.xcdatamodel */ = {isa = PBXFileReference; lastKnownFileType = wrapper.xcdatamodel; path = "FastTabla 2.xcdatamodel"; sourceTree = "<group>"; };
		2A556B5F1BBD829D00C4C1ED /* FastTabla 3.xcdatamodel */ = {isa = PBXFileReference; lastKnownFileType = wrapper.xcdatamodel; path = "FastTabla 3.xcdatamodel"; sourceTree = "<group>"; };
		2A556B6C1BBD868500C4C1ED /* FastTabla 4.xcdatamodel */ = {isa = PBXFileReference; lastKnownFileType = wrapper.xcdatamodel; path = "FastTabla 4.xcdatamodel"; sourceTree = "<group>"; };
		2A556B721BBD87DF00C4C1ED /* FastTabla 5.xcdatamodel */ = {isa = PBXFileReference; lastKnownFileType = wrapper.xcdatamodel; path = "FastTabla 5.xcdatamodel"; sourceTree = "<group>"; };
		2A556B751BBD8E1800C4C1ED /* MiNSEntityMigrationPolicy.h */ = {isa = PBXFileReference; fileEncoding = 4; lastKnownFileType = sourcecode.c.h; path = MiNSEntityMigrationPolicy.h; sourceTree = "<group>"; };
		2A556B761BBD8E1800C4C1ED /* MiNSEntityMigrationPolicy.m */ = {isa = PBXFileReference; fileEncoding = 4; lastKnownFileType = sourcecode.c.objc; path = MiNSEntityMigrationPolicy.m; sourceTree = "<group>"; };
		2A556B781BBD8EB000C4C1ED /* FastTabla 6.xcdatamodel */ = {isa = PBXFileReference; lastKnownFileType = wrapper.xcdatamodel; path = "FastTabla 6.xcdatamodel"; sourceTree = "<group>"; };
		2A556B7B1BBD902000C4C1ED /* FastTabla 7.xcdatamodel */ = {isa = PBXFileReference; lastKnownFileType = wrapper.xcdatamodel; path = "FastTabla 7.xcdatamodel"; sourceTree = "<group>"; };
		2A556B7E1BBDA51400C4C1ED /* FastTabla 8.xcdatamodel */ = {isa = PBXFileReference; lastKnownFileType = wrapper.xcdatamodel; path = "FastTabla 8.xcdatamodel"; sourceTree = "<group>"; };
		2A556B811BBDA91900C4C1ED /* FastTabla 9.xcdatamodel */ = {isa = PBXFileReference; lastKnownFileType = wrapper.xcdatamodel; path = "FastTabla 9.xcdatamodel"; sourceTree = "<group>"; };
		2A556B841BBDA9F900C4C1ED /* FastTabla 10.xcdatamodel */ = {isa = PBXFileReference; lastKnownFileType = wrapper.xcdatamodel; path = "FastTabla 10.xcdatamodel"; sourceTree = "<group>"; };
		2A556B891BBDAB0600C4C1ED /* Tarea.h */ = {isa = PBXFileReference; fileEncoding = 4; lastKnownFileType = sourcecode.c.h; name = Tarea.h; path = ../Tarea.h; sourceTree = "<group>"; };
		2A556B8A1BBDAB0600C4C1ED /* Tarea.m */ = {isa = PBXFileReference; fileEncoding = 4; lastKnownFileType = sourcecode.c.objc; name = Tarea.m; path = ../Tarea.m; sourceTree = "<group>"; };
		2A556B8C1BBDABD900C4C1ED /* FastTabla 11.xcdatamodel */ = {isa = PBXFileReference; lastKnownFileType = wrapper.xcdatamodel; path = "FastTabla 11.xcdatamodel"; sourceTree = "<group>"; };
		2A556B8F1BBDACB100C4C1ED /* FastTabla 12.xcdatamodel */ = {isa = PBXFileReference; lastKnownFileType = wrapper.xcdatamodel; path = "FastTabla 12.xcdatamodel"; sourceTree = "<group>"; };
		2A556B921BBDAF9000C4C1ED /* FastTabla 13.xcdatamodel */ = {isa = PBXFileReference; lastKnownFileType = wrapper.xcdatamodel; path = "FastTabla 13.xcdatamodel"; sourceTree = "<group>"; };
		2A556B931BBDAF9C00C4C1ED /* Model.xcmappingmodel */ = {isa = PBXFileReference; lastKnownFileType = wrapper.xcmappingmodel; path = Model.xcmappingmodel; sourceTree = "<group>"; };
		2A83D8BF1BC30B450096C701 /* AgregarVCTest.m */ = {isa = PBXFileReference; fileEncoding = 4; lastKnownFileType = sourcecode.c.objc; path = AgregarVCTest.m; sourceTree = "<group>"; };
		2ABEA15F1BC5AA6D00575051 /* RESTHttpClient.h */ = {isa = PBXFileReference; fileEncoding = 4; lastKnownFileType = sourcecode.c.h; path = RESTHttpClient.h; sourceTree = "<group>"; };
		2ABEA1601BC5AA6D00575051 /* RESTHttpClient.m */ = {isa = PBXFileReference; fileEncoding = 4; lastKnownFileType = sourcecode.c.objc; path = RESTHttpClient.m; sourceTree = "<group>"; };
		2ABEA1641BC6AF3700575051 /* BaseVC.h */ = {isa = PBXFileReference; fileEncoding = 4; lastKnownFileType = sourcecode.c.h; path = BaseVC.h; sourceTree = "<group>"; };
		2ABEA1651BC6AF3700575051 /* BaseVC.m */ = {isa = PBXFileReference; fileEncoding = 4; lastKnownFileType = sourcecode.c.objc; path = BaseVC.m; sourceTree = "<group>"; };
		2ABEA16D1BC8365F00575051 /* PrefixHeader.pch */ = {isa = PBXFileReference; lastKnownFileType = sourcecode.c.h; path = PrefixHeader.pch; sourceTree = "<group>"; };
		3D79F4828FF97A02BE8FC0D8 /* Pods-FastTablaTests.release.xcconfig */ = {isa = PBXFileReference; includeInIndex = 1; lastKnownFileType = text.xcconfig; name = "Pods-FastTablaTests.release.xcconfig"; path = "Pods/Target Support Files/Pods-FastTablaTests/Pods-FastTablaTests.release.xcconfig"; sourceTree = "<group>"; };
		4C7123C57BBEE76CF164B351 /* Pods-FastTabla.debug.xcconfig */ = {isa = PBXFileReference; includeInIndex = 1; lastKnownFileType = text.xcconfig; name = "Pods-FastTabla.debug.xcconfig"; path = "Pods/Target Support Files/Pods-FastTabla/Pods-FastTabla.debug.xcconfig"; sourceTree = "<group>"; };
		5F3367CBA2D85F966BCBAF23 /* libPods-FastTablaTests2.a */ = {isa = PBXFileReference; explicitFileType = archive.ar; includeInIndex = 0; path = "libPods-FastTablaTests2.a"; sourceTree = BUILT_PRODUCTS_DIR; };
		88B68688F916144ABE8CF8C0 /* libPods-FastTablaUITests.a */ = {isa = PBXFileReference; explicitFileType = archive.ar; includeInIndex = 0; path = "libPods-FastTablaUITests.a"; sourceTree = BUILT_PRODUCTS_DIR; };
		9851C24FB1C3605BCA1559BF /* libPods-FastTablaTests.a */ = {isa = PBXFileReference; explicitFileType = archive.ar; includeInIndex = 0; path = "libPods-FastTablaTests.a"; sourceTree = BUILT_PRODUCTS_DIR; };
		A315A225202BF4A3CAF41982 /* libPods-FastTabla.a */ = {isa = PBXFileReference; explicitFileType = archive.ar; includeInIndex = 0; path = "libPods-FastTabla.a"; sourceTree = BUILT_PRODUCTS_DIR; };
		AB176D1819ED335AC28E1B25 /* Pods-FastTabla.release.xcconfig */ = {isa = PBXFileReference; includeInIndex = 1; lastKnownFileType = text.xcconfig; name = "Pods-FastTabla.release.xcconfig"; path = "Pods/Target Support Files/Pods-FastTabla/Pods-FastTabla.release.xcconfig"; sourceTree = "<group>"; };
		CCC51B5B187C192543CD7B4F /* Pods-FastTablaUITests.debug.xcconfig */ = {isa = PBXFileReference; includeInIndex = 1; lastKnownFileType = text.xcconfig; name = "Pods-FastTablaUITests.debug.xcconfig"; path = "Pods/Target Support Files/Pods-FastTablaUITests/Pods-FastTablaUITests.debug.xcconfig"; sourceTree = "<group>"; };
		DFFACFB827A05BE317AA6A96 /* Pods-FastTablaTests.debug.xcconfig */ = {isa = PBXFileReference; includeInIndex = 1; lastKnownFileType = text.xcconfig; name = "Pods-FastTablaTests.debug.xcconfig"; path = "Pods/Target Support Files/Pods-FastTablaTests/Pods-FastTablaTests.debug.xcconfig"; sourceTree = "<group>"; };
		E16FF6F2F064B3756A3C7878 /* Pods-FastTablaUITests.release.xcconfig */ = {isa = PBXFileReference; includeInIndex = 1; lastKnownFileType = text.xcconfig; name = "Pods-FastTablaUITests.release.xcconfig"; path = "Pods/Target Support Files/Pods-FastTablaUITests/Pods-FastTablaUITests.release.xcconfig"; sourceTree = "<group>"; };
/* End PBXFileReference section */

/* Begin PBXFrameworksBuildPhase section */
		2A05E5DC1BB9A91F00211A5A /* Frameworks */ = {
			isa = PBXFrameworksBuildPhase;
			buildActionMask = 2147483647;
			files = (
				F1E0FC8D37A98F912A3E4963 /* libPods-FastTabla.a in Frameworks */,
			);
			runOnlyForDeploymentPostprocessing = 0;
		};
		2A05E5F81BB9A92000211A5A /* Frameworks */ = {
			isa = PBXFrameworksBuildPhase;
			buildActionMask = 2147483647;
			files = (
				50BA289B7E4AF2B07248F2DA /* libPods-FastTablaTests.a in Frameworks */,
			);
			runOnlyForDeploymentPostprocessing = 0;
		};
		2A1AAF851BC43CB400C2EE10 /* Frameworks */ = {
			isa = PBXFrameworksBuildPhase;
			buildActionMask = 2147483647;
			files = (
				1041C3EEEF12674222D07901 /* libPods-FastTablaUITests.a in Frameworks */,
			);
			runOnlyForDeploymentPostprocessing = 0;
		};
/* End PBXFrameworksBuildPhase section */

/* Begin PBXGroup section */
		2A05E5D61BB9A91F00211A5A = {
			isa = PBXGroup;
			children = (
				2A05E5E11BB9A91F00211A5A /* FastTabla */,
				2A05E5FE1BB9A92000211A5A /* FastTablaTests */,
				2A1AAF891BC43CB400C2EE10 /* FastTablaUITests */,
				2A05E5E01BB9A91F00211A5A /* Products */,
				D2EB574507B2F95A8D71D00B /* Pods */,
				7CED07F54987EA19ABA4E7C7 /* Frameworks */,
			);
			sourceTree = "<group>";
		};
		2A05E5E01BB9A91F00211A5A /* Products */ = {
			isa = PBXGroup;
			children = (
				2A05E5DF1BB9A91F00211A5A /* FastTabla.app */,
				2A05E5FB1BB9A92000211A5A /* FastTablaTests.xctest */,
				2A1AAF881BC43CB400C2EE10 /* FastTablaUITests.xctest */,
			);
			name = Products;
			sourceTree = "<group>";
		};
		2A05E5E11BB9A91F00211A5A /* FastTabla */ = {
			isa = PBXGroup;
			children = (
				2A05E60F1BB9AA5700211A5A /* TareasTVC.h */,
				2A05E6101BB9AA5700211A5A /* TareasTVC.m */,
				2A05E6151BB9B28F00211A5A /* EditarVC.h */,
				2A05E6161BB9B28F00211A5A /* EditarVC.m */,
				2A05E6121BB9AF6700211A5A /* AgregarVC.h */,
				2A05E6131BB9AF6700211A5A /* AgregarVC.m */,
				2A556B551BBC748E00C4C1ED /* LongFromVC.h */,
				2A556B561BBC748E00C4C1ED /* LongFromVC.m */,
				2ABEA1671BC6BA2C00575051 /* UI */,
				2ABEA1631BC6AF0F00575051 /* BaseClasses */,
				2ABEA1621BC6AE8400575051 /* tools */,
				2A05E5E21BB9A91F00211A5A /* Supporting Files */,
				2A05E60B1BB9A93F00211A5A /* DB y models */,
			);
			path = FastTabla;
			sourceTree = "<group>";
		};
		2A05E5E21BB9A91F00211A5A /* Supporting Files */ = {
			isa = PBXGroup;
			children = (
				2ABEA16D1BC8365F00575051 /* PrefixHeader.pch */,
				2A05E5E61BB9A92000211A5A /* AppDelegate.h */,
				2A05E5E71BB9A92000211A5A /* AppDelegate.m */,
				2A05E5F21BB9A92000211A5A /* Images.xcassets */,
				2A05E5F41BB9A92000211A5A /* LaunchScreen.xib */,
				2A05E5E31BB9A92000211A5A /* Info.plist */,
				2A05E5E41BB9A92000211A5A /* main.m */,
			);
			name = "Supporting Files";
			sourceTree = "<group>";
		};
		2A05E5FE1BB9A92000211A5A /* FastTablaTests */ = {
			isa = PBXGroup;
			children = (
				2A05E5FF1BB9A92000211A5A /* Supporting Files */,
				2A83D8BF1BC30B450096C701 /* AgregarVCTest.m */,
			);
			path = FastTablaTests;
			sourceTree = "<group>";
		};
		2A05E5FF1BB9A92000211A5A /* Supporting Files */ = {
			isa = PBXGroup;
			children = (
				2A05E6001BB9A92000211A5A /* Info.plist */,
			);
			name = "Supporting Files";
			sourceTree = "<group>";
		};
		2A05E60B1BB9A93F00211A5A /* DB y models */ = {
			isa = PBXGroup;
			children = (
				2A05E5E91BB9A92000211A5A /* FastTabla.xcdatamodeld */,
				2A556B931BBDAF9C00C4C1ED /* Model.xcmappingmodel */,
				2A556B891BBDAB0600C4C1ED /* Tarea.h */,
				2A556B8A1BBDAB0600C4C1ED /* Tarea.m */,
				2A2D306E1BBB2A0B00FAD041 /* Tarea+Modelo.h */,
				2A2D306F1BBB2A0B00FAD041 /* Tarea+Modelo.m */,
			);
			name = "DB y models";
			sourceTree = "<group>";
		};
		2A1AAF891BC43CB400C2EE10 /* FastTablaUITests */ = {
			isa = PBXGroup;
			children = (
				2A1AAF8A1BC43CB400C2EE10 /* FastTablaUITests.m */,
				2A1AAF8C1BC43CB400C2EE10 /* Info.plist */,
			);
			path = FastTablaUITests;
			sourceTree = "<group>";
		};
		2ABEA1621BC6AE8400575051 /* tools */ = {
			isa = PBXGroup;
			children = (
				2A556B751BBD8E1800C4C1ED /* MiNSEntityMigrationPolicy.h */,
				2A556B761BBD8E1800C4C1ED /* MiNSEntityMigrationPolicy.m */,
				2ABEA15F1BC5AA6D00575051 /* RESTHttpClient.h */,
				2ABEA1601BC5AA6D00575051 /* RESTHttpClient.m */,
			);
			name = tools;
			sourceTree = "<group>";
		};
		2ABEA1631BC6AF0F00575051 /* BaseClasses */ = {
			isa = PBXGroup;
			children = (
				2ABEA1641BC6AF3700575051 /* BaseVC.h */,
				2ABEA1651BC6AF3700575051 /* BaseVC.m */,
			);
			name = BaseClasses;
			sourceTree = "<group>";
		};
		2ABEA1671BC6BA2C00575051 /* UI */ = {
			isa = PBXGroup;
			children = (
				2A05E5EF1BB9A92000211A5A /* Main.storyboard */,
			);
			name = UI;
			sourceTree = "<group>";
		};
		7CED07F54987EA19ABA4E7C7 /* Frameworks */ = {
			isa = PBXGroup;
			children = (
				A315A225202BF4A3CAF41982 /* libPods-FastTabla.a */,
				9851C24FB1C3605BCA1559BF /* libPods-FastTablaTests.a */,
				5F3367CBA2D85F966BCBAF23 /* libPods-FastTablaTests2.a */,
				88B68688F916144ABE8CF8C0 /* libPods-FastTablaUITests.a */,
			);
			name = Frameworks;
			sourceTree = "<group>";
		};
		D2EB574507B2F95A8D71D00B /* Pods */ = {
			isa = PBXGroup;
			children = (
				4C7123C57BBEE76CF164B351 /* Pods-FastTabla.debug.xcconfig */,
				AB176D1819ED335AC28E1B25 /* Pods-FastTabla.release.xcconfig */,
				DFFACFB827A05BE317AA6A96 /* Pods-FastTablaTests.debug.xcconfig */,
				3D79F4828FF97A02BE8FC0D8 /* Pods-FastTablaTests.release.xcconfig */,
				28DDCE81565BE07DC7058399 /* Pods-FastTablaTests2.debug.xcconfig */,
				17E2CF7F665065760A875D93 /* Pods-FastTablaTests2.release.xcconfig */,
				CCC51B5B187C192543CD7B4F /* Pods-FastTablaUITests.debug.xcconfig */,
				E16FF6F2F064B3756A3C7878 /* Pods-FastTablaUITests.release.xcconfig */,
			);
			name = Pods;
			sourceTree = "<group>";
		};
/* End PBXGroup section */

/* Begin PBXNativeTarget section */
		2A05E5DE1BB9A91F00211A5A /* FastTabla */ = {
			isa = PBXNativeTarget;
			buildConfigurationList = 2A05E6051BB9A92000211A5A /* Build configuration list for PBXNativeTarget "FastTabla" */;
			buildPhases = (
				0A348686C82084425A0E5C83 /* Check Pods Manifest.lock */,
				2A05E5DB1BB9A91F00211A5A /* Sources */,
				2A05E5DC1BB9A91F00211A5A /* Frameworks */,
				2A05E5DD1BB9A91F00211A5A /* Resources */,
				35C59AB62A6970DF02C7DCA2 /* Copy Pods Resources */,
			);
			buildRules = (
			);
			dependencies = (
			);
			name = FastTabla;
			productName = FastTabla;
			productReference = 2A05E5DF1BB9A91F00211A5A /* FastTabla.app */;
			productType = "com.apple.product-type.application";
		};
		2A05E5FA1BB9A92000211A5A /* FastTablaTests */ = {
			isa = PBXNativeTarget;
			buildConfigurationList = 2A05E6081BB9A92000211A5A /* Build configuration list for PBXNativeTarget "FastTablaTests" */;
			buildPhases = (
				95D780E5A4BE48491A5983F1 /* Check Pods Manifest.lock */,
				2A05E5F71BB9A92000211A5A /* Sources */,
				2A05E5F81BB9A92000211A5A /* Frameworks */,
				2A05E5F91BB9A92000211A5A /* Resources */,
				C20643D4FE36F2DCB9DFA8F7 /* Copy Pods Resources */,
			);
			buildRules = (
			);
			dependencies = (
				2A05E5FD1BB9A92000211A5A /* PBXTargetDependency */,
			);
			name = FastTablaTests;
			productName = FastTablaTests;
			productReference = 2A05E5FB1BB9A92000211A5A /* FastTablaTests.xctest */;
			productType = "com.apple.product-type.bundle.unit-test";
		};
		2A1AAF871BC43CB400C2EE10 /* FastTablaUITests */ = {
			isa = PBXNativeTarget;
			buildConfigurationList = 2A1AAF911BC43CB400C2EE10 /* Build configuration list for PBXNativeTarget "FastTablaUITests" */;
			buildPhases = (
				8331218F3D843F21EF4869A8 /* Check Pods Manifest.lock */,
				2A1AAF841BC43CB400C2EE10 /* Sources */,
				2A1AAF851BC43CB400C2EE10 /* Frameworks */,
				2A1AAF861BC43CB400C2EE10 /* Resources */,
				FA9A3D5D292616BA74D0E167 /* Copy Pods Resources */,
			);
			buildRules = (
			);
			dependencies = (
				2A1AAF8E1BC43CB400C2EE10 /* PBXTargetDependency */,
			);
			name = FastTablaUITests;
			productName = FastTablaUITests;
			productReference = 2A1AAF881BC43CB400C2EE10 /* FastTablaUITests.xctest */;
			productType = "com.apple.product-type.bundle.ui-testing";
		};
/* End PBXNativeTarget section */

/* Begin PBXProject section */
		2A05E5D71BB9A91F00211A5A /* Project object */ = {
			isa = PBXProject;
			attributes = {
				LastUpgradeCheck = 0700;
				ORGANIZATIONNAME = "Carlos Peralta";
				TargetAttributes = {
					2A05E5DE1BB9A91F00211A5A = {
						CreatedOnToolsVersion = 6.4;
					};
					2A05E5FA1BB9A92000211A5A = {
						CreatedOnToolsVersion = 6.4;
						TestTargetID = 2A05E5DE1BB9A91F00211A5A;
					};
					2A1AAF871BC43CB400C2EE10 = {
						CreatedOnToolsVersion = 7.0.1;
						TestTargetID = 2A05E5DE1BB9A91F00211A5A;
					};
				};
			};
			buildConfigurationList = 2A05E5DA1BB9A91F00211A5A /* Build configuration list for PBXProject "FastTabla" */;
			compatibilityVersion = "Xcode 3.2";
			developmentRegion = English;
			hasScannedForEncodings = 0;
			knownRegions = (
				en,
				Base,
			);
			mainGroup = 2A05E5D61BB9A91F00211A5A;
			productRefGroup = 2A05E5E01BB9A91F00211A5A /* Products */;
			projectDirPath = "";
			projectRoot = "";
			targets = (
				2A05E5DE1BB9A91F00211A5A /* FastTabla */,
				2A05E5FA1BB9A92000211A5A /* FastTablaTests */,
				2A1AAF871BC43CB400C2EE10 /* FastTablaUITests */,
			);
		};
/* End PBXProject section */

/* Begin PBXResourcesBuildPhase section */
		2A05E5DD1BB9A91F00211A5A /* Resources */ = {
			isa = PBXResourcesBuildPhase;
			buildActionMask = 2147483647;
			files = (
				2A05E5F11BB9A92000211A5A /* Main.storyboard in Resources */,
				2A05E5F61BB9A92000211A5A /* LaunchScreen.xib in Resources */,
				2A05E5F31BB9A92000211A5A /* Images.xcassets in Resources */,
			);
			runOnlyForDeploymentPostprocessing = 0;
		};
		2A05E5F91BB9A92000211A5A /* Resources */ = {
			isa = PBXResourcesBuildPhase;
			buildActionMask = 2147483647;
			files = (
			);
			runOnlyForDeploymentPostprocessing = 0;
		};
		2A1AAF861BC43CB400C2EE10 /* Resources */ = {
			isa = PBXResourcesBuildPhase;
			buildActionMask = 2147483647;
			files = (
			);
			runOnlyForDeploymentPostprocessing = 0;
		};
/* End PBXResourcesBuildPhase section */

/* Begin PBXShellScriptBuildPhase section */
		0A348686C82084425A0E5C83 /* Check Pods Manifest.lock */ = {
			isa = PBXShellScriptBuildPhase;
			buildActionMask = 2147483647;
			files = (
			);
			inputPaths = (
			);
			name = "Check Pods Manifest.lock";
			outputPaths = (
			);
			runOnlyForDeploymentPostprocessing = 0;
			shellPath = /bin/sh;
			shellScript = "diff \"${PODS_ROOT}/../Podfile.lock\" \"${PODS_ROOT}/Manifest.lock\" > /dev/null\nif [[ $? != 0 ]] ; then\n    cat << EOM\nerror: The sandbox is not in sync with the Podfile.lock. Run 'pod install' or update your CocoaPods installation.\nEOM\n    exit 1\nfi\n";
			showEnvVarsInLog = 0;
		};
		35C59AB62A6970DF02C7DCA2 /* Copy Pods Resources */ = {
			isa = PBXShellScriptBuildPhase;
			buildActionMask = 2147483647;
			files = (
			);
			inputPaths = (
			);
			name = "Copy Pods Resources";
			outputPaths = (
			);
			runOnlyForDeploymentPostprocessing = 0;
			shellPath = /bin/sh;
			shellScript = "\"${SRCROOT}/Pods/Target Support Files/Pods-FastTabla/Pods-FastTabla-resources.sh\"\n";
			showEnvVarsInLog = 0;
		};
		8331218F3D843F21EF4869A8 /* Check Pods Manifest.lock */ = {
			isa = PBXShellScriptBuildPhase;
			buildActionMask = 2147483647;
			files = (
			);
			inputPaths = (
			);
			name = "Check Pods Manifest.lock";
			outputPaths = (
			);
			runOnlyForDeploymentPostprocessing = 0;
			shellPath = /bin/sh;
			shellScript = "diff \"${PODS_ROOT}/../Podfile.lock\" \"${PODS_ROOT}/Manifest.lock\" > /dev/null\nif [[ $? != 0 ]] ; then\n    cat << EOM\nerror: The sandbox is not in sync with the Podfile.lock. Run 'pod install' or update your CocoaPods installation.\nEOM\n    exit 1\nfi\n";
			showEnvVarsInLog = 0;
		};
		95D780E5A4BE48491A5983F1 /* Check Pods Manifest.lock */ = {
			isa = PBXShellScriptBuildPhase;
			buildActionMask = 2147483647;
			files = (
			);
			inputPaths = (
			);
			name = "Check Pods Manifest.lock";
			outputPaths = (
			);
			runOnlyForDeploymentPostprocessing = 0;
			shellPath = /bin/sh;
			shellScript = "diff \"${PODS_ROOT}/../Podfile.lock\" \"${PODS_ROOT}/Manifest.lock\" > /dev/null\nif [[ $? != 0 ]] ; then\n    cat << EOM\nerror: The sandbox is not in sync with the Podfile.lock. Run 'pod install' or update your CocoaPods installation.\nEOM\n    exit 1\nfi\n";
			showEnvVarsInLog = 0;
		};
		C20643D4FE36F2DCB9DFA8F7 /* Copy Pods Resources */ = {
			isa = PBXShellScriptBuildPhase;
			buildActionMask = 2147483647;
			files = (
			);
			inputPaths = (
			);
			name = "Copy Pods Resources";
			outputPaths = (
			);
			runOnlyForDeploymentPostprocessing = 0;
			shellPath = /bin/sh;
			shellScript = "\"${SRCROOT}/Pods/Target Support Files/Pods-FastTablaTests/Pods-FastTablaTests-resources.sh\"\n";
			showEnvVarsInLog = 0;
		};
		FA9A3D5D292616BA74D0E167 /* Copy Pods Resources */ = {
			isa = PBXShellScriptBuildPhase;
			buildActionMask = 2147483647;
			files = (
			);
			inputPaths = (
			);
			name = "Copy Pods Resources";
			outputPaths = (
			);
			runOnlyForDeploymentPostprocessing = 0;
			shellPath = /bin/sh;
			shellScript = "\"${SRCROOT}/Pods/Target Support Files/Pods-FastTablaUITests/Pods-FastTablaUITests-resources.sh\"\n";
			showEnvVarsInLog = 0;
		};
/* End PBXShellScriptBuildPhase section */

/* Begin PBXSourcesBuildPhase section */
		2A05E5DB1BB9A91F00211A5A /* Sources */ = {
			isa = PBXSourcesBuildPhase;
			buildActionMask = 2147483647;
			files = (
				2ABEA1611BC5AA6D00575051 /* RESTHttpClient.m in Sources */,
				2A05E5E81BB9A92000211A5A /* AppDelegate.m in Sources */,
				2A2D30701BBB2A0B00FAD041 /* Tarea+Modelo.m in Sources */,
				2ABEA1661BC6AF3700575051 /* BaseVC.m in Sources */,
				2A05E5EB1BB9A92000211A5A /* FastTabla.xcdatamodeld in Sources */,
				2A05E6171BB9B28F00211A5A /* EditarVC.m in Sources */,
				2A05E6141BB9AF6700211A5A /* AgregarVC.m in Sources */,
				2A05E6111BB9AA5700211A5A /* TareasTVC.m in Sources */,
				2A05E5E51BB9A92000211A5A /* main.m in Sources */,
				2A556B8B1BBDAB0600C4C1ED /* Tarea.m in Sources */,
				2A556B941BBDAF9C00C4C1ED /* Model.xcmappingmodel in Sources */,
				2A556B571BBC748E00C4C1ED /* LongFromVC.m in Sources */,
				2A556B771BBD8E1800C4C1ED /* MiNSEntityMigrationPolicy.m in Sources */,
			);
			runOnlyForDeploymentPostprocessing = 0;
		};
		2A05E5F71BB9A92000211A5A /* Sources */ = {
			isa = PBXSourcesBuildPhase;
			buildActionMask = 2147483647;
			files = (
				2A83D8C01BC30B450096C701 /* AgregarVCTest.m in Sources */,
			);
			runOnlyForDeploymentPostprocessing = 0;
		};
		2A1AAF841BC43CB400C2EE10 /* Sources */ = {
			isa = PBXSourcesBuildPhase;
			buildActionMask = 2147483647;
			files = (
				2A1AAF8B1BC43CB400C2EE10 /* FastTablaUITests.m in Sources */,
			);
			runOnlyForDeploymentPostprocessing = 0;
		};
/* End PBXSourcesBuildPhase section */

/* Begin PBXTargetDependency section */
		2A05E5FD1BB9A92000211A5A /* PBXTargetDependency */ = {
			isa = PBXTargetDependency;
			target = 2A05E5DE1BB9A91F00211A5A /* FastTabla */;
			targetProxy = 2A05E5FC1BB9A92000211A5A /* PBXContainerItemProxy */;
		};
		2A1AAF8E1BC43CB400C2EE10 /* PBXTargetDependency */ = {
			isa = PBXTargetDependency;
			target = 2A05E5DE1BB9A91F00211A5A /* FastTabla */;
			targetProxy = 2A1AAF8D1BC43CB400C2EE10 /* PBXContainerItemProxy */;
		};
/* End PBXTargetDependency section */

/* Begin PBXVariantGroup section */
		2A05E5EF1BB9A92000211A5A /* Main.storyboard */ = {
			isa = PBXVariantGroup;
			children = (
				2A05E5F01BB9A92000211A5A /* Base */,
			);
			name = Main.storyboard;
			sourceTree = "<group>";
		};
		2A05E5F41BB9A92000211A5A /* LaunchScreen.xib */ = {
			isa = PBXVariantGroup;
			children = (
				2A05E5F51BB9A92000211A5A /* Base */,
			);
			name = LaunchScreen.xib;
			sourceTree = "<group>";
		};
/* End PBXVariantGroup section */

/* Begin XCBuildConfiguration section */
		2A05E6031BB9A92000211A5A /* Debug */ = {
			isa = XCBuildConfiguration;
			buildSettings = {
				ALWAYS_SEARCH_USER_PATHS = NO;
				CLANG_CXX_LANGUAGE_STANDARD = "gnu++0x";
				CLANG_CXX_LIBRARY = "libc++";
				CLANG_ENABLE_MODULES = YES;
				CLANG_ENABLE_OBJC_ARC = YES;
				CLANG_WARN_BOOL_CONVERSION = YES;
				CLANG_WARN_CONSTANT_CONVERSION = YES;
				CLANG_WARN_DIRECT_OBJC_ISA_USAGE = YES_ERROR;
				CLANG_WARN_EMPTY_BODY = YES;
				CLANG_WARN_ENUM_CONVERSION = YES;
				CLANG_WARN_INT_CONVERSION = YES;
				CLANG_WARN_OBJC_ROOT_CLASS = YES_ERROR;
				CLANG_WARN_UNREACHABLE_CODE = YES;
				CLANG_WARN__DUPLICATE_METHOD_MATCH = YES;
				"CODE_SIGN_IDENTITY[sdk=iphoneos*]" = "iPhone Developer";
				COPY_HEADERS_RUN_UNIFDEF = NO;
				COPY_PHASE_STRIP = NO;
				DEBUG_INFORMATION_FORMAT = "dwarf-with-dsym";
				ENABLE_STRICT_OBJC_MSGSEND = YES;
				ENABLE_TESTABILITY = YES;
				GCC_C_LANGUAGE_STANDARD = gnu99;
				GCC_DYNAMIC_NO_PIC = NO;
				GCC_NO_COMMON_BLOCKS = YES;
				GCC_OPTIMIZATION_LEVEL = 0;
				GCC_PREPROCESSOR_DEFINITIONS = (
					"$(inherited)",
					"DEBUG=1",
				);
				GCC_SYMBOLS_PRIVATE_EXTERN = NO;
				GCC_WARN_64_TO_32_BIT_CONVERSION = YES;
				GCC_WARN_ABOUT_RETURN_TYPE = YES_ERROR;
				GCC_WARN_UNDECLARED_SELECTOR = YES;
				GCC_WARN_UNINITIALIZED_AUTOS = YES_AGGRESSIVE;
				GCC_WARN_UNUSED_FUNCTION = YES;
				GCC_WARN_UNUSED_VARIABLE = YES;
				IPHONEOS_DEPLOYMENT_TARGET = 8.4;
				MTL_ENABLE_DEBUG_INFO = YES;
				ONLY_ACTIVE_ARCH = YES;
				SDKROOT = iphoneos;
			};
			name = Debug;
		};
		2A05E6041BB9A92000211A5A /* Release */ = {
			isa = XCBuildConfiguration;
			buildSettings = {
				ALWAYS_SEARCH_USER_PATHS = NO;
				CLANG_CXX_LANGUAGE_STANDARD = "gnu++0x";
				CLANG_CXX_LIBRARY = "libc++";
				CLANG_ENABLE_MODULES = YES;
				CLANG_ENABLE_OBJC_ARC = YES;
				CLANG_WARN_BOOL_CONVERSION = YES;
				CLANG_WARN_CONSTANT_CONVERSION = YES;
				CLANG_WARN_DIRECT_OBJC_ISA_USAGE = YES_ERROR;
				CLANG_WARN_EMPTY_BODY = YES;
				CLANG_WARN_ENUM_CONVERSION = YES;
				CLANG_WARN_INT_CONVERSION = YES;
				CLANG_WARN_OBJC_ROOT_CLASS = YES_ERROR;
				CLANG_WARN_UNREACHABLE_CODE = YES;
				CLANG_WARN__DUPLICATE_METHOD_MATCH = YES;
				"CODE_SIGN_IDENTITY[sdk=iphoneos*]" = "iPhone Developer";
				COPY_HEADERS_RUN_UNIFDEF = NO;
				COPY_PHASE_STRIP = NO;
				DEBUG_INFORMATION_FORMAT = "dwarf-with-dsym";
				ENABLE_NS_ASSERTIONS = NO;
				ENABLE_STRICT_OBJC_MSGSEND = YES;
				GCC_C_LANGUAGE_STANDARD = gnu99;
				GCC_NO_COMMON_BLOCKS = YES;
				GCC_WARN_64_TO_32_BIT_CONVERSION = YES;
				GCC_WARN_ABOUT_RETURN_TYPE = YES_ERROR;
				GCC_WARN_UNDECLARED_SELECTOR = YES;
				GCC_WARN_UNINITIALIZED_AUTOS = YES_AGGRESSIVE;
				GCC_WARN_UNUSED_FUNCTION = YES;
				GCC_WARN_UNUSED_VARIABLE = YES;
				IPHONEOS_DEPLOYMENT_TARGET = 8.4;
				MTL_ENABLE_DEBUG_INFO = NO;
				SDKROOT = iphoneos;
				VALIDATE_PRODUCT = YES;
			};
			name = Release;
		};
		2A05E6061BB9A92000211A5A /* Debug */ = {
			isa = XCBuildConfiguration;
			baseConfigurationReference = 4C7123C57BBEE76CF164B351 /* Pods-FastTabla.debug.xcconfig */;
			buildSettings = {
				ASSETCATALOG_COMPILER_APPICON_NAME = AppIcon;
				ENABLE_TESTABILITY = YES;
				GCC_PRECOMPILE_PREFIX_HEADER = YES;
				GCC_PREFIX_HEADER = FastTabla/PrefixHeader.pch;
				GCC_PREPROCESSOR_DEFINITIONS = (
					"$(inherited)",
					"COCOAPODS=1",
				);
				INFOPLIST_FILE = FastTabla/Info.plist;
				IPHONEOS_DEPLOYMENT_TARGET = 7.0;
				LD_RUNPATH_SEARCH_PATHS = "$(inherited) @executable_path/Frameworks";
				PRODUCT_BUNDLE_IDENTIFIER = "com.gmail.ceperalta.$(PRODUCT_NAME:rfc1034identifier)";
				PRODUCT_NAME = "$(TARGET_NAME)";
			};
			name = Debug;
		};
		2A05E6071BB9A92000211A5A /* Release */ = {
			isa = XCBuildConfiguration;
			baseConfigurationReference = AB176D1819ED335AC28E1B25 /* Pods-FastTabla.release.xcconfig */;
			buildSettings = {
				ASSETCATALOG_COMPILER_APPICON_NAME = AppIcon;
				ENABLE_TESTABILITY = YES;
				GCC_PRECOMPILE_PREFIX_HEADER = YES;
				GCC_PREFIX_HEADER = FastTabla/PrefixHeader.pch;
				INFOPLIST_FILE = FastTabla/Info.plist;
				IPHONEOS_DEPLOYMENT_TARGET = 7.0;
				LD_RUNPATH_SEARCH_PATHS = "$(inherited) @executable_path/Frameworks";
				PRODUCT_BUNDLE_IDENTIFIER = "com.gmail.ceperalta.$(PRODUCT_NAME:rfc1034identifier)";
				PRODUCT_NAME = "$(TARGET_NAME)";
			};
			name = Release;
		};
		2A05E6091BB9A92000211A5A /* Debug */ = {
			isa = XCBuildConfiguration;
			baseConfigurationReference = DFFACFB827A05BE317AA6A96 /* Pods-FastTablaTests.debug.xcconfig */;
			buildSettings = {
				BUNDLE_LOADER = "$(TEST_HOST)";
				FRAMEWORK_SEARCH_PATHS = (
					"$(SDKROOT)/Developer/Library/Frameworks",
					"$(inherited)",
				);
				GCC_PREPROCESSOR_DEFINITIONS = (
					"DEBUG=1",
					"$(inherited)",
				);
				INFOPLIST_FILE = FastTablaTests/Info.plist;
				LD_RUNPATH_SEARCH_PATHS = "$(inherited) @executable_path/Frameworks @loader_path/Frameworks";
				PRODUCT_BUNDLE_IDENTIFIER = "com.gmail.ceperalta.$(PRODUCT_NAME:rfc1034identifier)";
				PRODUCT_NAME = "$(TARGET_NAME)";
				TEST_HOST = "$(BUILT_PRODUCTS_DIR)/FastTabla.app/FastTabla";
			};
			name = Debug;
		};
		2A05E60A1BB9A92000211A5A /* Release */ = {
			isa = XCBuildConfiguration;
			baseConfigurationReference = 3D79F4828FF97A02BE8FC0D8 /* Pods-FastTablaTests.release.xcconfig */;
			buildSettings = {
				BUNDLE_LOADER = "$(TEST_HOST)";
				FRAMEWORK_SEARCH_PATHS = (
					"$(SDKROOT)/Developer/Library/Frameworks",
					"$(inherited)",
				);
				INFOPLIST_FILE = FastTablaTests/Info.plist;
				LD_RUNPATH_SEARCH_PATHS = "$(inherited) @executable_path/Frameworks @loader_path/Frameworks";
				PRODUCT_BUNDLE_IDENTIFIER = "com.gmail.ceperalta.$(PRODUCT_NAME:rfc1034identifier)";
				PRODUCT_NAME = "$(TARGET_NAME)";
				TEST_HOST = "$(BUILT_PRODUCTS_DIR)/FastTabla.app/FastTabla";
			};
			name = Release;
		};
		2A1AAF8F1BC43CB400C2EE10 /* Debug */ = {
			isa = XCBuildConfiguration;
			baseConfigurationReference = CCC51B5B187C192543CD7B4F /* Pods-FastTablaUITests.debug.xcconfig */;
			buildSettings = {
				DEBUG_INFORMATION_FORMAT = dwarf;
				ENABLE_TESTABILITY = YES;
				INFOPLIST_FILE = FastTablaUITests/Info.plist;
				IPHONEOS_DEPLOYMENT_TARGET = 9.0;
				LD_RUNPATH_SEARCH_PATHS = "$(inherited) @executable_path/Frameworks @loader_path/Frameworks";
				PRODUCT_BUNDLE_IDENTIFIER = com.gmail.ceperalta.FastTablaUITests;
				PRODUCT_NAME = "$(TARGET_NAME)";
				TEST_TARGET_NAME = FastTabla;
				USES_XCTRUNNER = YES;
			};
			name = Debug;
		};
		2A1AAF901BC43CB400C2EE10 /* Release */ = {
			isa = XCBuildConfiguration;
			baseConfigurationReference = E16FF6F2F064B3756A3C7878 /* Pods-FastTablaUITests.release.xcconfig */;
			buildSettings = {
				INFOPLIST_FILE = FastTablaUITests/Info.plist;
				IPHONEOS_DEPLOYMENT_TARGET = 9.0;
				LD_RUNPATH_SEARCH_PATHS = "$(inherited) @executable_path/Frameworks @loader_path/Frameworks";
				PRODUCT_BUNDLE_IDENTIFIER = com.gmail.ceperalta.FastTablaUITests;
				PRODUCT_NAME = "$(TARGET_NAME)";
				TEST_TARGET_NAME = FastTabla;
				USES_XCTRUNNER = YES;
			};
			name = Release;
		};
/* End XCBuildConfiguration section */

/* Begin XCConfigurationList section */
		2A05E5DA1BB9A91F00211A5A /* Build configuration list for PBXProject "FastTabla" */ = {
			isa = XCConfigurationList;
			buildConfigurations = (
				2A05E6031BB9A92000211A5A /* Debug */,
				2A05E6041BB9A92000211A5A /* Release */,
			);
			defaultConfigurationIsVisible = 0;
			defaultConfigurationName = Release;
		};
		2A05E6051BB9A92000211A5A /* Build configuration list for PBXNativeTarget "FastTabla" */ = {
			isa = XCConfigurationList;
			buildConfigurations = (
				2A05E6061BB9A92000211A5A /* Debug */,
				2A05E6071BB9A92000211A5A /* Release */,
			);
			defaultConfigurationIsVisible = 0;
			defaultConfigurationName = Release;
		};
		2A05E6081BB9A92000211A5A /* Build configuration list for PBXNativeTarget "FastTablaTests" */ = {
			isa = XCConfigurationList;
			buildConfigurations = (
				2A05E6091BB9A92000211A5A /* Debug */,
				2A05E60A1BB9A92000211A5A /* Release */,
			);
			defaultConfigurationIsVisible = 0;
			defaultConfigurationName = Release;
		};
		2A1AAF911BC43CB400C2EE10 /* Build configuration list for PBXNativeTarget "FastTablaUITests" */ = {
			isa = XCConfigurationList;
			buildConfigurations = (
				2A1AAF8F1BC43CB400C2EE10 /* Debug */,
				2A1AAF901BC43CB400C2EE10 /* Release */,
			);
			defaultConfigurationIsVisible = 0;
			defaultConfigurationName = Release;
		};
/* End XCConfigurationList section */

/* Begin XCVersionGroup section */
		2A05E5E91BB9A92000211A5A /* FastTabla.xcdatamodeld */ = {
			isa = XCVersionGroup;
			children = (
				2A556B921BBDAF9000C4C1ED /* FastTabla 13.xcdatamodel */,
				2A556B8F1BBDACB100C4C1ED /* FastTabla 12.xcdatamodel */,
				2A556B8C1BBDABD900C4C1ED /* FastTabla 11.xcdatamodel */,
				2A556B841BBDA9F900C4C1ED /* FastTabla 10.xcdatamodel */,
				2A556B811BBDA91900C4C1ED /* FastTabla 9.xcdatamodel */,
				2A556B7E1BBDA51400C4C1ED /* FastTabla 8.xcdatamodel */,
				2A556B7B1BBD902000C4C1ED /* FastTabla 7.xcdatamodel */,
				2A556B781BBD8EB000C4C1ED /* FastTabla 6.xcdatamodel */,
				2A556B721BBD87DF00C4C1ED /* FastTabla 5.xcdatamodel */,
				2A556B6C1BBD868500C4C1ED /* FastTabla 4.xcdatamodel */,
				2A556B5F1BBD829D00C4C1ED /* FastTabla 3.xcdatamodel */,
				2A556B581BBD686400C4C1ED /* FastTabla 2.xcdatamodel */,
				2A05E5EA1BB9A92000211A5A /* FastTabla.xcdatamodel */,
			);
			currentVersion = 2A556B921BBDAF9000C4C1ED /* FastTabla 13.xcdatamodel */;
			path = FastTabla.xcdatamodeld;
			sourceTree = "<group>";
			versionGroupType = wrapper.xcdatamodel;
		};
/* End XCVersionGroup section */
	};
	rootObject = 2A05E5D71BB9A91F00211A5A /* Project object */;
}
